
Microsoft Visual Studio Solution File, Format Version 12.00
# Visual Studio Version 16
VisualStudioVersion = 16.0.30611.23
MinimumVisualStudioVersion = 10.0.40219.1
Project("{8BC9CEB8-8B4A-11D0-8D11-00A0C91BC942}") = "Project16-STL vector", "Project16-STL vector\Project16-STL vector.vcxproj", "{38BE6E2D-7865-4BF1-9AD7-45BC14F16899}"
EndProject
Global
	GlobalSection(SolutionConfigurationPlatforms) = preSolution
		Debug|x64 = Debug|x64
		Debug|x86 = Debug|x86
		Release|x64 = Release|x64
		Release|x86 = Release|x86
	EndGlobalSection
	GlobalSection(ProjectConfigurationPlatforms) = postSolution
		{38BE6E2D-7865-4BF1-9AD7-45BC14F16899}.Debug|x64.ActiveCfg = Debug|x64
		{38BE6E2D-7865-4BF1-9AD7-45BC14F16899}.Debug|x64.Build.0 = Debug|x64
		{38BE6E2D-7865-4BF1-9AD7-45BC14F16899}.Debug|x86.ActiveCfg = Debug|Win32
		{38BE6E2D-7865-4BF1-9AD7-45BC14F16899}.Debug|x86.Build.0 = Debug|Win32
		{38BE6E2D-7865-4BF1-9AD7-45BC14F16899}.Release|x64.ActiveCfg = Release|x64
		{38BE6E2D-7865-4BF1-9AD7-45BC14F16899}.Release|x64.Build.0 = Release|x64
		{38BE6E2D-7865-4BF1-9AD7-45BC14F16899}.Release|x86.ActiveCfg = Release|Win32
		{38BE6E2D-7865-4BF1-9AD7-45BC14F16899}.Release|x86.Build.0 = Release|Win32
	EndGlobalSection
	GlobalSection(SolutionProperties) = preSolution
		HideSolutionNode = FALSE
	EndGlobalSection
	GlobalSection(ExtensibilityGlobals) = postSolution
		SolutionGuid = {2149CC4E-D035-44B1-A0B5-F5D2CC1D26DF}
	EndGlobalSection
EndGlobal
