
Microsoft Visual Studio Solution File, Format Version 12.00
# Visual Studio Version 16
VisualStudioVersion = 16.0.30611.23
MinimumVisualStudioVersion = 10.0.40219.1
Project("{8BC9CEB8-8B4A-11D0-8D11-00A0C91BC942}") = "Project4", "Project4\Project4.vcxproj", "{C4D37627-D5AD-4756-8234-EB74FDB92951}"
EndProject
Global
	GlobalSection(SolutionConfigurationPlatforms) = preSolution
		Debug|x64 = Debug|x64
		Debug|x86 = Debug|x86
		Release|x64 = Release|x64
		Release|x86 = Release|x86
	EndGlobalSection
	GlobalSection(ProjectConfigurationPlatforms) = postSolution
		{C4D37627-D5AD-4756-8234-EB74FDB92951}.Debug|x64.ActiveCfg = Debug|x64
		{C4D37627-D5AD-4756-8234-EB74FDB92951}.Debug|x64.Build.0 = Debug|x64
		{C4D37627-D5AD-4756-8234-EB74FDB92951}.Debug|x86.ActiveCfg = Debug|Win32
		{C4D37627-D5AD-4756-8234-EB74FDB92951}.Debug|x86.Build.0 = Debug|Win32
		{C4D37627-D5AD-4756-8234-EB74FDB92951}.Release|x64.ActiveCfg = Release|x64
		{C4D37627-D5AD-4756-8234-EB74FDB92951}.Release|x64.Build.0 = Release|x64
		{C4D37627-D5AD-4756-8234-EB74FDB92951}.Release|x86.ActiveCfg = Release|Win32
		{C4D37627-D5AD-4756-8234-EB74FDB92951}.Release|x86.Build.0 = Release|Win32
	EndGlobalSection
	GlobalSection(SolutionProperties) = preSolution
		HideSolutionNode = FALSE
	EndGlobalSection
	GlobalSection(ExtensibilityGlobals) = postSolution
		SolutionGuid = {CB976AC6-6D79-46DD-8F5E-3D17358FD17D}
	EndGlobalSection
EndGlobal
